
Microsoft Visual Studio Solution File, Format Version 12.00
# Visual Studio 15
VisualStudioVersion = 15.0.27004.2009
MinimumVisualStudioVersion = 10.0.40219.1
Project("{FAE04EC0-301F-11D3-BF4B-00C04F79EFBC}") = "CapaIntegracion", "CapaIntegracion\CapaIntegracion.csproj", "{192B7051-AE0D-40C3-B20C-E7691D61C856}"
	ProjectSection(ProjectDependencies) = postProject
		{C861D76F-D5B7-4C5B-B360-5FC85F2BDE79} = {C861D76F-D5B7-4C5B-B360-5FC85F2BDE79}
	EndProjectSection
EndProject
Project("{FAE04EC0-301F-11D3-BF4B-00C04F79EFBC}") = "CapaConexion", "CapaConexion\CapaConexion.csproj", "{B5BA5E6E-F825-493A-BE3A-8B811FC947A8}"
EndProject
Project("{FAE04EC0-301F-11D3-BF4B-00C04F79EFBC}") = "CapaLogica", "CapaLogica\CapaLogica.csproj", "{C861D76F-D5B7-4C5B-B360-5FC85F2BDE79}"
	ProjectSection(ProjectDependencies) = postProject
		{B5BA5E6E-F825-493A-BE3A-8B811FC947A8} = {B5BA5E6E-F825-493A-BE3A-8B811FC947A8}
	EndProjectSection
EndProject
Project("{FAE04EC0-301F-11D3-BF4B-00C04F79EFBC}") = "CapaPresentacion", "CapaPresentacion\CapaPresentacion.csproj", "{7F641A79-E39E-4EEC-83D9-12F607E87C1B}"
	ProjectSection(ProjectDependencies) = postProject
		{192B7051-AE0D-40C3-B20C-E7691D61C856} = {192B7051-AE0D-40C3-B20C-E7691D61C856}
	EndProjectSection
EndProject
Project("{54435603-DBB4-11D2-8724-00A0C9A8B90C}") = "Instalador", "Instalador\Instalador.vdproj", "{FEA7419B-03A4-4C65-BFF6-4421DB738C73}"
EndProject
Global
	GlobalSection(SolutionConfigurationPlatforms) = preSolution
		Debug|Any CPU = Debug|Any CPU
		Release|Any CPU = Release|Any CPU
	EndGlobalSection
	GlobalSection(ProjectConfigurationPlatforms) = postSolution
		{192B7051-AE0D-40C3-B20C-E7691D61C856}.Debug|Any CPU.ActiveCfg = Debug|Any CPU
		{192B7051-AE0D-40C3-B20C-E7691D61C856}.Debug|Any CPU.Build.0 = Debug|Any CPU
		{192B7051-AE0D-40C3-B20C-E7691D61C856}.Release|Any CPU.ActiveCfg = Release|Any CPU
		{192B7051-AE0D-40C3-B20C-E7691D61C856}.Release|Any CPU.Build.0 = Release|Any CPU
		{B5BA5E6E-F825-493A-BE3A-8B811FC947A8}.Debug|Any CPU.ActiveCfg = Debug|Any CPU
		{B5BA5E6E-F825-493A-BE3A-8B811FC947A8}.Debug|Any CPU.Build.0 = Debug|Any CPU
		{B5BA5E6E-F825-493A-BE3A-8B811FC947A8}.Release|Any CPU.ActiveCfg = Release|Any CPU
		{B5BA5E6E-F825-493A-BE3A-8B811FC947A8}.Release|Any CPU.Build.0 = Release|Any CPU
		{C861D76F-D5B7-4C5B-B360-5FC85F2BDE79}.Debug|Any CPU.ActiveCfg = Debug|Any CPU
		{C861D76F-D5B7-4C5B-B360-5FC85F2BDE79}.Debug|Any CPU.Build.0 = Debug|Any CPU
		{C861D76F-D5B7-4C5B-B360-5FC85F2BDE79}.Release|Any CPU.ActiveCfg = Release|Any CPU
		{C861D76F-D5B7-4C5B-B360-5FC85F2BDE79}.Release|Any CPU.Build.0 = Release|Any CPU
		{7F641A79-E39E-4EEC-83D9-12F607E87C1B}.Debug|Any CPU.ActiveCfg = Debug|Any CPU
		{7F641A79-E39E-4EEC-83D9-12F607E87C1B}.Debug|Any CPU.Build.0 = Debug|Any CPU
		{7F641A79-E39E-4EEC-83D9-12F607E87C1B}.Release|Any CPU.ActiveCfg = Release|Any CPU
		{7F641A79-E39E-4EEC-83D9-12F607E87C1B}.Release|Any CPU.Build.0 = Release|Any CPU
		{FEA7419B-03A4-4C65-BFF6-4421DB738C73}.Debug|Any CPU.ActiveCfg = Debug
		{FEA7419B-03A4-4C65-BFF6-4421DB738C73}.Debug|Any CPU.Build.0 = Debug
		{FEA7419B-03A4-4C65-BFF6-4421DB738C73}.Release|Any CPU.ActiveCfg = Release
	EndGlobalSection
	GlobalSection(SolutionProperties) = preSolution
		HideSolutionNode = FALSE
	EndGlobalSection
	GlobalSection(ExtensibilityGlobals) = postSolution
		SolutionGuid = {704C1A0D-8ACF-48C5-BB7B-E3DBFA529595}
	EndGlobalSection
EndGlobal
